
Microsoft Visual Studio Solution File, Format Version 12.00
# Visual Studio Version 16
VisualStudioVersion = 16.0.29905.134
MinimumVisualStudioVersion = 10.0.40219.1
Project("{FAE04EC0-301F-11D3-BF4B-00C04F79EFBC}") = "Curso_2º_projeto", "Curso_2º_projeto\Curso_2º_projeto.csproj", "{EBC4AE62-AEF9-468A-8FF6-BE7F86C8587B}"
EndProject
Global
	GlobalSection(SolutionConfigurationPlatforms) = preSolution
		Debug|Any CPU = Debug|Any CPU
		Release|Any CPU = Release|Any CPU
	EndGlobalSection
	GlobalSection(ProjectConfigurationPlatforms) = postSolution
		{EBC4AE62-AEF9-468A-8FF6-BE7F86C8587B}.Debug|Any CPU.ActiveCfg = Debug|Any CPU
		{EBC4AE62-AEF9-468A-8FF6-BE7F86C8587B}.Debug|Any CPU.Build.0 = Debug|Any CPU
		{EBC4AE62-AEF9-468A-8FF6-BE7F86C8587B}.Release|Any CPU.ActiveCfg = Release|Any CPU
		{EBC4AE62-AEF9-468A-8FF6-BE7F86C8587B}.Release|Any CPU.Build.0 = Release|Any CPU
	EndGlobalSection
	GlobalSection(SolutionProperties) = preSolution
		HideSolutionNode = FALSE
	EndGlobalSection
	GlobalSection(ExtensibilityGlobals) = postSolution
		SolutionGuid = {1F79EF2D-D783-4F56-B5B8-184FD3B801E8}
	EndGlobalSection
EndGlobal
